{
  "object": {
    "pins": [
      {
        "package": "Citron",
        "repositoryURL": "git@github.com:ukitaka/citron.git",
        "state": {
          "branch": null,
          "revision": "f19bf48891fdf1c8ad43f7dd773cde73a4be7f11",
          "version": "0.0.1"
        }
      },
      {
        "package": "Curry",
        "repositoryURL": "git@github.com:thoughtbot/Curry.git",
        "state": {
          "branch": null,
          "revision": "b6bf27ec9d711f607a8c7da9ca69ee9eaa201a22",
          "version": "4.0.1"
        }
      },
      {
        "package": "Tagged",
        "repositoryURL": "git@github.com:pointfreeco/swift-tagged.git",
        "state": {
          "branch": null,
          "revision": "17c4ad4a687a5250313bb668fedce614891f03c4",
          "version": "0.1.0"
        }
      },
      {
        "package": "SwiftParsec",
        "repositoryURL": "git@github.com:davedufresne/SwiftParsec.git",
        "state": {
          "branch": null,
          "revision": "5ab615f5179dd21a1d997cca3c09ca359a6818b7",
          "version": "3.0.0"
        }
      }
    ]
  },
  "version": 1
}
